// !$*UTF8*$!
{
	archiveVersion = 1;
	classes = {
	};
	objectVersion = 50;
	objects = {

/* Begin PBXBuildFile section */
		B05029B1220F860F007B6E9B /* AppDelegate.m in Sources */ = {isa = PBXBuildFile; fileRef = B05029B0220F860F007B6E9B /* AppDelegate.m */; };
		B05029B3220F860F007B6E9B /* GameScene.sks in Resources */ = {isa = PBXBuildFile; fileRef = B05029B2220F860F007B6E9B /* GameScene.sks */; };
		B05029B5220F860F007B6E9B /* Actions.sks in Resources */ = {isa = PBXBuildFile; fileRef = B05029B4220F860F007B6E9B /* Actions.sks */; };
		B05029B8220F860F007B6E9B /* GameScene.m in Sources */ = {isa = PBXBuildFile; fileRef = B05029B7220F860F007B6E9B /* GameScene.m */; };
		B05029BB220F860F007B6E9B /* GameViewController.m in Sources */ = {isa = PBXBuildFile; fileRef = B05029BA220F860F007B6E9B /* GameViewController.m */; };
		B05029BE220F860F007B6E9B /* Main.storyboard in Resources */ = {isa = PBXBuildFile; fileRef = B05029BC220F860F007B6E9B /* Main.storyboard */; };
		B05029C0220F8610007B6E9B /* Assets.xcassets in Resources */ = {isa = PBXBuildFile; fileRef = B05029BF220F8610007B6E9B /* Assets.xcassets */; };
		B05029C3220F8610007B6E9B /* LaunchScreen.storyboard in Resources */ = {isa = PBXBuildFile; fileRef = B05029C1220F8610007B6E9B /* LaunchScreen.storyboard */; };
		B05029C6220F8610007B6E9B /* main.m in Sources */ = {isa = PBXBuildFile; fileRef = B05029C5220F8610007B6E9B /* main.m */; };
		B05029D0220F8611007B6E9B /* testTests.m in Sources */ = {isa = PBXBuildFile; fileRef = B05029CF220F8611007B6E9B /* testTests.m */; };
		B05029DB220F8611007B6E9B /* testUITests.m in Sources */ = {isa = PBXBuildFile; fileRef = B05029DA220F8611007B6E9B /* testUITests.m */; };
/* End PBXBuildFile section */

/* Begin PBXContainerItemProxy section */
		B05029CC220F8611007B6E9B /* PBXContainerItemProxy */ = {
			isa = PBXContainerItemProxy;
			containerPortal = B05029A4220F860F007B6E9B /* Project object */;
			proxyType = 1;
			remoteGlobalIDString = B05029AB220F860F007B6E9B;
			remoteInfo = test;
		};
		B05029D7220F8611007B6E9B /* PBXContainerItemProxy */ = {
			isa = PBXContainerItemProxy;
			containerPortal = B05029A4220F860F007B6E9B /* Project object */;
			proxyType = 1;
			remoteGlobalIDString = B05029AB220F860F007B6E9B;
			remoteInfo = test;
		};
/* End PBXContainerItemProxy section */

/* Begin PBXFileReference section */
		B05029AC220F860F007B6E9B /* test.app */ = {isa = PBXFileReference; explicitFileType = wrapper.application; includeInIndex = 0; path = test.app; sourceTree = BUILT_PRODUCTS_DIR; };
		B05029AF220F860F007B6E9B /* AppDelegate.h */ = {isa = PBXFileReference; lastKnownFileType = sourcecode.c.h; path = AppDelegate.h; sourceTree = "<group>"; };
		B05029B0220F860F007B6E9B /* AppDelegate.m */ = {isa = PBXFileReference; lastKnownFileType = sourcecode.c.objc; path = AppDelegate.m; sourceTree = "<group>"; };
		B05029B2220F860F007B6E9B /* GameScene.sks */ = {isa = PBXFileReference; lastKnownFileType = file.sks; path = GameScene.sks; sourceTree = "<group>"; };
		B05029B4220F860F007B6E9B /* Actions.sks */ = {isa = PBXFileReference; lastKnownFileType = file.sks; path = Actions.sks; sourceTree = "<group>"; };
		B05029B6220F860F007B6E9B /* GameScene.h */ = {isa = PBXFileReference; lastKnownFileType = sourcecode.c.h; path = GameScene.h; sourceTree = "<group>"; };
		B05029B7220F860F007B6E9B /* GameScene.m */ = {isa = PBXFileReference; lastKnownFileType = sourcecode.c.objc; path = GameScene.m; sourceTree = "<group>"; };
		B05029B9220F860F007B6E9B /* GameViewController.h */ = {isa = PBXFileReference; lastKnownFileType = sourcecode.c.h; path = GameViewController.h; sourceTree = "<group>"; };
		B05029BA220F860F007B6E9B /* GameViewController.m */ = {isa = PBXFileReference; lastKnownFileType = sourcecode.c.objc; path = GameViewController.m; sourceTree = "<group>"; };
		B05029BD220F860F007B6E9B /* Base */ = {isa = PBXFileReference; lastKnownFileType = file.storyboard; name = Base; path = Base.lproj/Main.storyboard; sourceTree = "<group>"; };
		B05029BF220F8610007B6E9B /* Assets.xcassets */ = {isa = PBXFileReference; lastKnownFileType = folder.assetcatalog; path = Assets.xcassets; sourceTree = "<group>"; };
		B05029C2220F8610007B6E9B /* Base */ = {isa = PBXFileReference; lastKnownFileType = file.storyboard; name = Base; path = Base.lproj/LaunchScreen.storyboard; sourceTree = "<group>"; };
		B05029C4220F8610007B6E9B /* Info.plist */ = {isa = PBXFileReference; lastKnownFileType = text.plist.xml; path = Info.plist; sourceTree = "<group>"; };
		B05029C5220F8610007B6E9B /* main.m */ = {isa = PBXFileReference; lastKnownFileType = sourcecode.c.objc; path = main.m; sourceTree = "<group>"; };
		B05029CB220F8611007B6E9B /* testTests.xctest */ = {isa = PBXFileReference; explicitFileType = wrapper.cfbundle; includeInIndex = 0; path = testTests.xctest; sourceTree = BUILT_PRODUCTS_DIR; };
		B05029CF220F8611007B6E9B /* testTests.m */ = {isa = PBXFileReference; lastKnownFileType = sourcecode.c.objc; path = testTests.m; sourceTree = "<group>"; };
		B05029D1220F8611007B6E9B /* Info.plist */ = {isa = PBXFileReference; lastKnownFileType = text.plist.xml; path = Info.plist; sourceTree = "<group>"; };
		B05029D6220F8611007B6E9B /* testUITests.xctest */ = {isa = PBXFileReference; explicitFileType = wrapper.cfbundle; includeInIndex = 0; path = testUITests.xctest; sourceTree = BUILT_PRODUCTS_DIR; };
		B05029DA220F8611007B6E9B /* testUITests.m */ = {isa = PBXFileReference; lastKnownFileType = sourcecode.c.objc; path = testUITests.m; sourceTree = "<group>"; };
		B05029DC220F8611007B6E9B /* Info.plist */ = {isa = PBXFileReference; lastKnownFileType = text.plist.xml; path = Info.plist; sourceTree = "<group>"; };
/* End PBXFileReference section */

/* Begin PBXFrameworksBuildPhase section */
		B05029A9220F860F007B6E9B /* Frameworks */ = {
			isa = PBXFrameworksBuildPhase;
			buildActionMask = 2147483647;
			files = (
			);
			runOnlyForDeploymentPostprocessing = 0;
		};
		B05029C8220F8611007B6E9B /* Frameworks */ = {
			isa = PBXFrameworksBuildPhase;
			buildActionMask = 2147483647;
			files = (
			);
			runOnlyForDeploymentPostprocessing = 0;
		};
		B05029D3220F8611007B6E9B /* Frameworks */ = {
			isa = PBXFrameworksBuildPhase;
			buildActionMask = 2147483647;
			files = (
			);
			runOnlyForDeploymentPostprocessing = 0;
		};
/* End PBXFrameworksBuildPhase section */

/* Begin PBXGroup section */
		B05029A3220F860F007B6E9B = {
			isa = PBXGroup;
			children = (
				B05029AE220F860F007B6E9B /* test */,
				B05029CE220F8611007B6E9B /* testTests */,
				B05029D9220F8611007B6E9B /* testUITests */,
				B05029AD220F860F007B6E9B /* Products */,
			);
			sourceTree = "<group>";
		};
		B05029AD220F860F007B6E9B /* Products */ = {
			isa = PBXGroup;
			children = (
				B05029AC220F860F007B6E9B /* test.app */,
				B05029CB220F8611007B6E9B /* testTests.xctest */,
				B05029D6220F8611007B6E9B /* testUITests.xctest */,
			);
			name = Products;
			sourceTree = "<group>";
		};
		B05029AE220F860F007B6E9B /* test */ = {
			isa = PBXGroup;
			children = (
				B05029AF220F860F007B6E9B /* AppDelegate.h */,
				B05029B0220F860F007B6E9B /* AppDelegate.m */,
				B05029B2220F860F007B6E9B /* GameScene.sks */,
				B05029B4220F860F007B6E9B /* Actions.sks */,
				B05029B6220F860F007B6E9B /* GameScene.h */,
				B05029B7220F860F007B6E9B /* GameScene.m */,
				B05029B9220F860F007B6E9B /* GameViewController.h */,
				B05029BA220F860F007B6E9B /* GameViewController.m */,
				B05029BC220F860F007B6E9B /* Main.storyboard */,
				B05029BF220F8610007B6E9B /* Assets.xcassets */,
				B05029C1220F8610007B6E9B /* LaunchScreen.storyboard */,
				B05029C4220F8610007B6E9B /* Info.plist */,
				B05029C5220F8610007B6E9B /* main.m */,
			);
			path = test;
			sourceTree = "<group>";
		};
		B05029CE220F8611007B6E9B /* testTests */ = {
			isa = PBXGroup;
			children = (
				B05029CF220F8611007B6E9B /* testTests.m */,
				B05029D1220F8611007B6E9B /* Info.plist */,
			);
			path = testTests;
			sourceTree = "<group>";
		};
		B05029D9220F8611007B6E9B /* testUITests */ = {
			isa = PBXGroup;
			children = (
				B05029DA220F8611007B6E9B /* testUITests.m */,
				B05029DC220F8611007B6E9B /* Info.plist */,
			);
			path = testUITests;
			sourceTree = "<group>";
		};
/* End PBXGroup section */

/* Begin PBXNativeTarget section */
		B05029AB220F860F007B6E9B /* test */ = {
			isa = PBXNativeTarget;
			buildConfigurationList = B05029DF220F8611007B6E9B /* Build configuration list for PBXNativeTarget "test" */;
			buildPhases = (
				B05029A8220F860F007B6E9B /* Sources */,
				B05029A9220F860F007B6E9B /* Frameworks */,
				B05029AA220F860F007B6E9B /* Resources */,
			);
			buildRules = (
			);
			dependencies = (
			);
			name = test;
			productName = test;
			productReference = B05029AC220F860F007B6E9B /* test.app */;
			productType = "com.apple.product-type.application";
		};
		B05029CA220F8611007B6E9B /* testTests */ = {
			isa = PBXNativeTarget;
			buildConfigurationList = B05029E2220F8611007B6E9B /* Build configuration list for PBXNativeTarget "testTests" */;
			buildPhases = (
				B05029C7220F8611007B6E9B /* Sources */,
				B05029C8220F8611007B6E9B /* Frameworks */,
				B05029C9220F8611007B6E9B /* Resources */,
			);
			buildRules = (
			);
			dependencies = (
				B05029CD220F8611007B6E9B /* PBXTargetDependency */,
			);
			name = testTests;
			productName = testTests;
			productReference = B05029CB220F8611007B6E9B /* testTests.xctest */;
			productType = "com.apple.product-type.bundle.unit-test";
		};
		B05029D5220F8611007B6E9B /* testUITests */ = {
			isa = PBXNativeTarget;
			buildConfigurationList = B05029E5220F8611007B6E9B /* Build configuration list for PBXNativeTarget "testUITests" */;
			buildPhases = (
				B05029D2220F8611007B6E9B /* Sources */,
				B05029D3220F8611007B6E9B /* Frameworks */,
				B05029D4220F8611007B6E9B /* Resources */,
			);
			buildRules = (
			);
			dependencies = (
				B05029D8220F8611007B6E9B /* PBXTargetDependency */,
			);
			name = testUITests;
			productName = testUITests;
			productReference = B05029D6220F8611007B6E9B /* testUITests.xctest */;
			productType = "com.apple.product-type.bundle.ui-testing";
		};
/* End PBXNativeTarget section */

/* Begin PBXProject section */
		B05029A4220F860F007B6E9B /* Project object */ = {
			isa = PBXProject;
			attributes = {
				LastUpgradeCheck = 1010;
				ORGANIZATIONNAME = "Peter Golden";
				TargetAttributes = {
					B05029AB220F860F007B6E9B = {
						CreatedOnToolsVersion = 10.1;
					};
					B05029CA220F8611007B6E9B = {
						CreatedOnToolsVersion = 10.1;
						TestTargetID = B05029AB220F860F007B6E9B;
					};
					B05029D5220F8611007B6E9B = {
						CreatedOnToolsVersion = 10.1;
						TestTargetID = B05029AB220F860F007B6E9B;
					};
				};
			};
			buildConfigurationList = B05029A7220F860F007B6E9B /* Build configuration list for PBXProject "test" */;
			compatibilityVersion = "Xcode 9.3";
			developmentRegion = en;
			hasScannedForEncodings = 0;
			knownRegions = (
				en,
				Base,
			);
			mainGroup = B05029A3220F860F007B6E9B;
			productRefGroup = B05029AD220F860F007B6E9B /* Products */;
			projectDirPath = "";
			projectRoot = "";
			targets = (
				B05029AB220F860F007B6E9B /* test */,
				B05029CA220F8611007B6E9B /* testTests */,
				B05029D5220F8611007B6E9B /* testUITests */,
			);
		};
/* End PBXProject section */

/* Begin PBXResourcesBuildPhase section */
		B05029AA220F860F007B6E9B /* Resources */ = {
			isa = PBXResourcesBuildPhase;
			buildActionMask = 2147483647;
			files = (
				B05029BE220F860F007B6E9B /* Main.storyboard in Resources */,
				B05029B3220F860F007B6E9B /* GameScene.sks in Resources */,
				B05029C0220F8610007B6E9B /* Assets.xcassets in Resources */,
				B05029C3220F8610007B6E9B /* LaunchScreen.storyboard in Resources */,
				B05029B5220F860F007B6E9B /* Actions.sks in Resources */,
			);
			runOnlyForDeploymentPostprocessing = 0;
		};
		B05029C9220F8611007B6E9B /* Resources */ = {
			isa = PBXResourcesBuildPhase;
			buildActionMask = 2147483647;
			files = (
			);
			runOnlyForDeploymentPostprocessing = 0;
		};
		B05029D4220F8611007B6E9B /* Resources */ = {
			isa = PBXResourcesBuildPhase;
			buildActionMask = 2147483647;
			files = (
			);
			runOnlyForDeploymentPostprocessing = 0;
		};
/* End PBXResourcesBuildPhase section */

/* Begin PBXSourcesBuildPhase section */
		B05029A8220F860F007B6E9B /* Sources */ = {
			isa = PBXSourcesBuildPhase;
			buildActionMask = 2147483647;
			files = (
				B05029B8220F860F007B6E9B /* GameScene.m in Sources */,
				B05029BB220F860F007B6E9B /* GameViewController.m in Sources */,
				B05029C6220F8610007B6E9B /* main.m in Sources */,
				B05029B1220F860F007B6E9B /* AppDelegate.m in Sources */,
			);
			runOnlyForDeploymentPostprocessing = 0;
		};
		B05029C7220F8611007B6E9B /* Sources */ = {
			isa = PBXSourcesBuildPhase;
			buildActionMask = 2147483647;
			files = (
				B05029D0220F8611007B6E9B /* testTests.m in Sources */,
			);
			runOnlyForDeploymentPostprocessing = 0;
		};
		B05029D2220F8611007B6E9B /* Sources */ = {
			isa = PBXSourcesBuildPhase;
			buildActionMask = 2147483647;
			files = (
				B05029DB220F8611007B6E9B /* testUITests.m in Sources */,
			);
			runOnlyForDeploymentPostprocessing = 0;
		};
/* End PBXSourcesBuildPhase section */

/* Begin PBXTargetDependency section */
		B05029CD220F8611007B6E9B /* PBXTargetDependency */ = {
			isa = PBXTargetDependency;
			target = B05029AB220F860F007B6E9B /* test */;
			targetProxy = B05029CC220F8611007B6E9B /* PBXContainerItemProxy */;
		};
		B05029D8220F8611007B6E9B /* PBXTargetDependency */ = {
			isa = PBXTargetDependency;
			target = B05029AB220F860F007B6E9B /* test */;
			targetProxy = B05029D7220F8611007B6E9B /* PBXContainerItemProxy */;
		};
/* End PBXTargetDependency section */

/* Begin PBXVariantGroup section */
		B05029BC220F860F007B6E9B /* Main.storyboard */ = {
			isa = PBXVariantGroup;
			children = (
				B05029BD220F860F007B6E9B /* Base */,
			);
			name = Main.storyboard;
			sourceTree = "<group>";
		};
		B05029C1220F8610007B6E9B /* LaunchScreen.storyboard */ = {
			isa = PBXVariantGroup;
			children = (
				B05029C2220F8610007B6E9B /* Base */,
			);
			name = LaunchScreen.storyboard;
			sourceTree = "<group>";
		};
/* End PBXVariantGroup section */

/* Begin XCBuildConfiguration section */
		B05029DD220F8611007B6E9B /* Debug */ = {
			isa = XCBuildConfiguration;
			buildSettings = {
				ALWAYS_SEARCH_USER_PATHS = NO;
				CLANG_ANALYZER_NONNULL = YES;
				CLANG_ANALYZER_NUMBER_OBJECT_CONVERSION = YES_AGGRESSIVE;
				CLANG_CXX_LANGUAGE_STANDARD = "gnu++14";
				CLANG_CXX_LIBRARY = "libc++";
				CLANG_ENABLE_MODULES = YES;
				CLANG_ENABLE_OBJC_ARC = YES;
				CLANG_ENABLE_OBJC_WEAK = YES;
				CLANG_WARN_BLOCK_CAPTURE_AUTORELEASING = YES;
				CLANG_WARN_BOOL_CONVERSION = YES;
				CLANG_WARN_COMMA = YES;
				CLANG_WARN_CONSTANT_CONVERSION = YES;
				CLANG_WARN_DEPRECATED_OBJC_IMPLEMENTATIONS = YES;
				CLANG_WARN_DIRECT_OBJC_ISA_USAGE = YES_ERROR;
				CLANG_WARN_DOCUMENTATION_COMMENTS = YES;
				CLANG_WARN_EMPTY_BODY = YES;
				CLANG_WARN_ENUM_CONVERSION = YES;
				CLANG_WARN_INFINITE_RECURSION = YES;
				CLANG_WARN_INT_CONVERSION = YES;
				CLANG_WARN_NON_LITERAL_NULL_CONVERSION = YES;
				CLANG_WARN_OBJC_IMPLICIT_RETAIN_SELF = YES;
				CLANG_WARN_OBJC_LITERAL_CONVERSION = YES;
				CLANG_WARN_OBJC_ROOT_CLASS = YES_ERROR;
				CLANG_WARN_RANGE_LOOP_ANALYSIS = YES;
				CLANG_WARN_STRICT_PROTOTYPES = YES;
				CLANG_WARN_SUSPICIOUS_MOVE = YES;
				CLANG_WARN_UNGUARDED_AVAILABILITY = YES_AGGRESSIVE;
				CLANG_WARN_UNREACHABLE_CODE = YES;
				CLANG_WARN__DUPLICATE_METHOD_MATCH = YES;
				CODE_SIGN_IDENTITY = "iPhone Developer";
				COPY_PHASE_STRIP = NO;
				DEBUG_INFORMATION_FORMAT = dwarf;
				ENABLE_STRICT_OBJC_MSGSEND = YES;
				ENABLE_TESTABILITY = YES;
				GCC_C_LANGUAGE_STANDARD = gnu11;
				GCC_DYNAMIC_NO_PIC = NO;
				GCC_NO_COMMON_BLOCKS = YES;
				GCC_OPTIMIZATION_LEVEL = 0;
				GCC_PREPROCESSOR_DEFINITIONS = (
					"DEBUG=1",
					"$(inherited)",
				);
				GCC_WARN_64_TO_32_BIT_CONVERSION = YES;
				GCC_WARN_ABOUT_RETURN_TYPE = YES_ERROR;
				GCC_WARN_UNDECLARED_SELECTOR = YES;
				GCC_WARN_UNINITIALIZED_AUTOS = YES_AGGRESSIVE;
				GCC_WARN_UNUSED_FUNCTION = YES;
				GCC_WARN_UNUSED_VARIABLE = YES;
				IPHONEOS_DEPLOYMENT_TARGET = 12.1;
				MTL_ENABLE_DEBUG_INFO = INCLUDE_SOURCE;
				MTL_FAST_MATH = YES;
				ONLY_ACTIVE_ARCH = YES;
				SDKROOT = iphoneos;
			};
			name = Debug;
		};
		B05029DE220F8611007B6E9B /* Release */ = {
			isa = XCBuildConfiguration;
			buildSettings = {
				ALWAYS_SEARCH_USER_PATHS = NO;
				CLANG_ANALYZER_NONNULL = YES;
				CLANG_ANALYZER_NUMBER_OBJECT_CONVERSION = YES_AGGRESSIVE;
				CLANG_CXX_LANGUAGE_STANDARD = "gnu++14";
				CLANG_CXX_LIBRARY = "libc++";
				CLANG_ENABLE_MODULES = YES;
				CLANG_ENABLE_OBJC_ARC = YES;
				CLANG_ENABLE_OBJC_WEAK = YES;
				CLANG_WARN_BLOCK_CAPTURE_AUTORELEASING = YES;
				CLANG_WARN_BOOL_CONVERSION = YES;
				CLANG_WARN_COMMA = YES;
				CLANG_WARN_CONSTANT_CONVERSION = YES;
				CLANG_WARN_DEPRECATED_OBJC_IMPLEMENTATIONS = YES;
				CLANG_WARN_DIRECT_OBJC_ISA_USAGE = YES_ERROR;
				CLANG_WARN_DOCUMENTATION_COMMENTS = YES;
				CLANG_WARN_EMPTY_BODY = YES;
				CLANG_WARN_ENUM_CONVERSION = YES;
				CLANG_WARN_INFINITE_RECURSION = YES;
				CLANG_WARN_INT_CONVERSION = YES;
				CLANG_WARN_NON_LITERAL_NULL_CONVERSION = YES;
				CLANG_WARN_OBJC_IMPLICIT_RETAIN_SELF = YES;
				CLANG_WARN_OBJC_LITERAL_CONVERSION = YES;
				CLANG_WARN_OBJC_ROOT_CLASS = YES_ERROR;
				CLANG_WARN_RANGE_LOOP_ANALYSIS = YES;
				CLANG_WARN_STRICT_PROTOTYPES = YES;
				CLANG_WARN_SUSPICIOUS_MOVE = YES;
				CLANG_WARN_UNGUARDED_AVAILABILITY = YES_AGGRESSIVE;
				CLANG_WARN_UNREACHABLE_CODE = YES;
				CLANG_WARN__DUPLICATE_METHOD_MATCH = YES;
				CODE_SIGN_IDENTITY = "iPhone Developer";
				COPY_PHASE_STRIP = NO;
				DEBUG_INFORMATION_FORMAT = "dwarf-with-dsym";
				ENABLE_NS_ASSERTIONS = NO;
				ENABLE_STRICT_OBJC_MSGSEND = YES;
				GCC_C_LANGUAGE_STANDARD = gnu11;
				GCC_NO_COMMON_BLOCKS = YES;
				GCC_WARN_64_TO_32_BIT_CONVERSION = YES;
				GCC_WARN_ABOUT_RETURN_TYPE = YES_ERROR;
				GCC_WARN_UNDECLARED_SELECTOR = YES;
				GCC_WARN_UNINITIALIZED_AUTOS = YES_AGGRESSIVE;
				GCC_WARN_UNUSED_FUNCTION = YES;
				GCC_WARN_UNUSED_VARIABLE = YES;
				IPHONEOS_DEPLOYMENT_TARGET = 12.1;
				MTL_ENABLE_DEBUG_INFO = NO;
				MTL_FAST_MATH = YES;
				SDKROOT = iphoneos;
				VALIDATE_PRODUCT = YES;
			};
			name = Release;
		};
		B05029E0220F8611007B6E9B /* Debug */ = {
			isa = XCBuildConfiguration;
			buildSettings = {
				ASSETCATALOG_COMPILER_APPICON_NAME = AppIcon;
				CODE_SIGN_STYLE = Automatic;
				INFOPLIST_FILE = test/Info.plist;
				LD_RUNPATH_SEARCH_PATHS = (
					"$(inherited)",
					"@executable_path/Frameworks",
				);
				PRODUCT_BUNDLE_IDENTIFIER = test.test;
				PRODUCT_NAME = "$(TARGET_NAME)";
				TARGETED_DEVICE_FAMILY = "1,2";
			};
			name = Debug;
		};
		B05029E1220F8611007B6E9B /* Release */ = {
			isa = XCBuildConfiguration;
			buildSettings = {
				ASSETCATALOG_COMPILER_APPICON_NAME = AppIcon;
				CODE_SIGN_STYLE = Automatic;
				INFOPLIST_FILE = test/Info.plist;
				LD_RUNPATH_SEARCH_PATHS = (
					"$(inherited)",
					"@executable_path/Frameworks",
				);
				PRODUCT_BUNDLE_IDENTIFIER = test.test;
				PRODUCT_NAME = "$(TARGET_NAME)";
				TARGETED_DEVICE_FAMILY = "1,2";
			};
			name = Release;
		};
		B05029E3220F8611007B6E9B /* Debug */ = {
			isa = XCBuildConfiguration;
			buildSettings = {
				BUNDLE_LOADER = "$(TEST_HOST)";
				CODE_SIGN_STYLE = Automatic;
				INFOPLIST_FILE = testTests/Info.plist;
				LD_RUNPATH_SEARCH_PATHS = (
					"$(inherited)",
					"@executable_path/Frameworks",
					"@loader_path/Frameworks",
				);
				PRODUCT_BUNDLE_IDENTIFIER = test.testTests;
				PRODUCT_NAME = "$(TARGET_NAME)";
				TARGETED_DEVICE_FAMILY = "1,2";
				TEST_HOST = "$(BUILT_PRODUCTS_DIR)/test.app/test";
			};
			name = Debug;
		};
		B05029E4220F8611007B6E9B /* Release */ = {
			isa = XCBuildConfiguration;
			buildSettings = {
				BUNDLE_LOADER = "$(TEST_HOST)";
				CODE_SIGN_STYLE = Automatic;
				INFOPLIST_FILE = testTests/Info.plist;
				LD_RUNPATH_SEARCH_PATHS = (
					"$(inherited)",
					"@executable_path/Frameworks",
					"@loader_path/Frameworks",
				);
				PRODUCT_BUNDLE_IDENTIFIER = test.testTests;
				PRODUCT_NAME = "$(TARGET_NAME)";
				TARGETED_DEVICE_FAMILY = "1,2";
				TEST_HOST = "$(BUILT_PRODUCTS_DIR)/test.app/test";
			};
			name = Release;
		};
		B05029E6220F8611007B6E9B /* Debug */ = {
			isa = XCBuildConfiguration;
			buildSettings = {
				CODE_SIGN_STYLE = Automatic;
				INFOPLIST_FILE = testUITests/Info.plist;
				LD_RUNPATH_SEARCH_PATHS = (
					"$(inherited)",
					"@executable_path/Frameworks",
					"@loader_path/Frameworks",
				);
				PRODUCT_BUNDLE_IDENTIFIER = test.testUITests;
				PRODUCT_NAME = "$(TARGET_NAME)";
				TARGETED_DEVICE_FAMILY = "1,2";
				TEST_TARGET_NAME = test;
			};
			name = Debug;
		};
		B05029E7220F8611007B6E9B /* Release */ = {
			isa = XCBuildConfiguration;
			buildSettings = {
				CODE_SIGN_STYLE = Automatic;
				INFOPLIST_FILE = testUITests/Info.plist;
				LD_RUNPATH_SEARCH_PATHS = (
					"$(inherited)",
					"@executable_path/Frameworks",
					"@loader_path/Frameworks",
				);
				PRODUCT_BUNDLE_IDENTIFIER = test.testUITests;
				PRODUCT_NAME = "$(TARGET_NAME)";
				TARGETED_DEVICE_FAMILY = "1,2";
				TEST_TARGET_NAME = test;
			};
			name = Release;
		};
/* End XCBuildConfiguration section */

/* Begin XCConfigurationList section */
		B05029A7220F860F007B6E9B /* Build configuration list for PBXProject "test" */ = {
			isa = XCConfigurationList;
			buildConfigurations = (
				B05029DD220F8611007B6E9B /* Debug */,
				B05029DE220F8611007B6E9B /* Release */,
			);
			defaultConfigurationIsVisible = 0;
			defaultConfigurationName = Release;
		};
		B05029DF220F8611007B6E9B /* Build configuration list for PBXNativeTarget "test" */ = {
			isa = XCConfigurationList;
			buildConfigurations = (
				B05029E0220F8611007B6E9B /* Debug */,
				B05029E1220F8611007B6E9B /* Release */,
			);
			defaultConfigurationIsVisible = 0;
			defaultConfigurationName = Release;
		};
		B05029E2220F8611007B6E9B /* Build configuration list for PBXNativeTarget "testTests" */ = {
			isa = XCConfigurationList;
			buildConfigurations = (
				B05029E3220F8611007B6E9B /* Debug */,
				B05029E4220F8611007B6E9B /* Release */,
			);
			defaultConfigurationIsVisible = 0;
			defaultConfigurationName = Release;
		};
		B05029E5220F8611007B6E9B /* Build configuration list for PBXNativeTarget "testUITests" */ = {
			isa = XCConfigurationList;
			buildConfigurations = (
				B05029E6220F8611007B6E9B /* Debug */,
				B05029E7220F8611007B6E9B /* Release */,
			);
			defaultConfigurationIsVisible = 0;
			defaultConfigurationName = Release;
		};
/* End XCConfigurationList section */
	};
	rootObject = B05029A4220F860F007B6E9B /* Project object */;
}
